
Microsoft Visual Studio Solution File, Format Version 12.00
# Visual Studio Version 17
VisualStudioVersion = 17.14.37516.0 d17.14
MinimumVisualStudioVersion = 10.0.40219.1
Project("{FAE04EC0-301F-11D3-BF4B-00C04F79EFBC}") = "toturial2_56", "toturial2_56\toturial2_56.csproj", "{D2A13EC8-44AA-4DFD-AD8F-B6FC37731C90}"
EndProject
Global
	GlobalSection(SolutionConfigurationPlatforms) = preSolution
		Debug|Any CPU = Debug|Any CPU
		Release|Any CPU = Release|Any CPU
	EndGlobalSection
	GlobalSection(ProjectConfigurationPlatforms) = postSolution
		{D2A13EC8-44AA-4DFD-AD8F-B6FC37731C90}.Debug|Any CPU.ActiveCfg = Debug|Any CPU
		{D2A13EC8-44AA-4DFD-AD8F-B6FC37731C90}.Debug|Any CPU.Build.0 = Debug|Any CPU
		{D2A13EC8-44AA-4DFD-AD8F-B6FC37731C90}.Release|Any CPU.ActiveCfg = Release|Any CPU
		{D2A13EC8-44AA-4DFD-AD8F-B6FC37731C90}.Release|Any CPU.Build.0 = Release|Any CPU
	EndGlobalSection
	GlobalSection(SolutionProperties) = preSolution
		HideSolutionNode = FALSE
	EndGlobalSection
	GlobalSection(ExtensibilityGlobals) = postSolution
		SolutionGuid = {F7ECE104-3ECF-4F6A-9A28-E9C9C015FA2D}
	EndGlobalSection
EndGlobal
